version = 1
requires-python = "==3.10.12"

[[package]]
name = "advent-of-code"
version = "0.1.0"
source = { virtual = "." }
dependencies = [
    { name = "cvxpy" },
    { name = "numpy" },
    { name = "scipy" },
    { name = "tqdm" },
]

[package.metadata]
requires-dist = [
    { name = "cvxpy", specifier = ">=1.6.0" },
    { name = "numpy", specifier = ">=2.1.3" },
    { name = "scipy", specifier = ">=1.14.1" },
    { name = "tqdm", specifier = ">=4.67.1" },
]

[[package]]
name = "clarabel"
version = "0.9.0"
source = { registry = "https://pypi.org/simple" }
dependencies = [
    { name = "numpy" },
    { name = "scipy" },
]
sdist = { url = "https://files.pythonhosted.org/packages/bb/93/fb4b178a6697d04690c392289bb504032116eaf9f46c501fb23eb42a069d/clarabel-0.9.0.tar.gz", hash = "sha256:0d6d3fe8800be5b4b5d40a8e14bd492667b3e46cc5dbe37677ce5ed25f0719d4", size = 199359 }
wheels = [
    { url = "https://files.pythonhosted.org/packages/8b/b9/e41f5316a2d4261c340d9fa6aa1694dd57d12cc45f1e5dfc5773d2b53d39/clarabel-0.9.0-cp37-abi3-macosx_10_12_x86_64.macosx_11_0_arm64.macosx_10_12_universal2.whl", hash = "sha256:702cc4666c0ccf893c936f9f1f55cbb3233ae2d5fa05f67b370ac3e7ec50f222", size = 1713421 },
    { url = "https://files.pythonhosted.org/packages/65/75/b4f2b5f4a0af6975c463efe9ef580debff98ade6795e6e885babf7527586/clarabel-0.9.0-cp37-abi3-macosx_10_12_x86_64.whl", hash = "sha256:8ea616757b460153ead375b3dd3ce763d46fc3717248077bbfa7b2c844b1775f", size = 890154 },
    { url = "https://files.pythonhosted.org/packages/a5/2e/096e0bc32ffa7eadb69f6e768fbbc58acf0b0e4003db4bd70c79b1856c47/clarabel-0.9.0-cp37-abi3-manylinux_2_17_aarch64.manylinux2014_aarch64.whl", hash = "sha256:2b5ae16d7dd87aabf72260cf9590ba0d037c52d48555bcf3a86b1f0d9cf88dd4", size = 1761144 },
    { url = "https://files.pythonhosted.org/packages/d9/1a/4319fa902c9c3e350d134d78d79baa61c6e2e5e51050861ecc147c73f6a7/clarabel-0.9.0-cp37-abi3-manylinux_2_17_i686.manylinux2014_i686.whl", hash = "sha256:85cb560a5c4cdfb079e3437e21f0b62b69ba766ae082aeb96ced0b5763214077", size = 1831888 },
    { url = "https://files.pythonhosted.org/packages/8c/12/e92ba69884f84e0f16a9fb5093522924502995348f0269cc42ed062f2edc/clarabel-0.9.0-cp37-abi3-manylinux_2_17_x86_64.manylinux2014_x86_64.whl", hash = "sha256:0eaeb3fbb5a90b598700d5435c7f102592a1a79ee25df5a097e0af575838786b", size = 1784994 },
    { url = "https://files.pythonhosted.org/packages/2e/1f/ce55955a7ad5946cacd1f0aa76233ee354d4c357669ce81f1e5dc69be971/clarabel-0.9.0-cp37-abi3-win32.whl", hash = "sha256:759c2fa0ccc61ae1a02691c43753638a0ae793bf1de81c6f6763c346789a7e25", size = 699668 },
    { url = "https://files.pythonhosted.org/packages/36/be/110fe7ca190e024e3185d6351645346b785da6933ce3fb382d4811215f8c/clarabel-0.9.0-cp37-abi3-win_amd64.whl", hash = "sha256:d24e4ed1b686eb2fe2a1b6e77935af6ad62a2c044131e70801ec1d3ef3d33280", size = 736436 },
]

[[package]]
name = "colorama"
version = "0.4.6"
source = { registry = "https://pypi.org/simple" }
sdist = { url = "https://files.pythonhosted.org/packages/d8/53/6f443c9a4a8358a93a6792e2acffb9d9d5cb0a5cfd8802644b7b1c9a02e4/colorama-0.4.6.tar.gz", hash = "sha256:08695f5cb7ed6e0531a20572697297273c47b8cae5a63ffc6d6ed5c201be6e44", size = 27697 }
wheels = [
    { url = "https://files.pythonhosted.org/packages/d1/d6/3965ed04c63042e047cb6a3e6ed1a63a35087b6a609aa3a15ed8ac56c221/colorama-0.4.6-py2.py3-none-any.whl", hash = "sha256:4f1d9991f5acc0ca119f9d443620b77f9d6b33703e51011c16baf57afb285fc6", size = 25335 },
]

[[package]]
name = "cvxpy"
version = "1.6.0"
source = { registry = "https://pypi.org/simple" }
dependencies = [
    { name = "clarabel" },
    { name = "numpy" },
    { name = "osqp" },
    { name = "scipy" },
    { name = "scs" },
]
sdist = { url = "https://files.pythonhosted.org/packages/5f/ea/a17a84693b40d2370e876ad57d7db7e787ec1dea466cd42ddb8b4d3205b5/cvxpy-1.6.0.tar.gz", hash = "sha256:679a9531877dfe0e2defabe106bc62a3e7ea094a7fcfcb797e121127ff8ff39a", size = 1603379 }
wheels = [
    { url = "https://files.pythonhosted.org/packages/fb/6d/000d81398eec413c21c36077ffceeeae6ac36ebf698070555a074459c6e2/cvxpy-1.6.0-cp310-cp310-macosx_10_9_universal2.whl", hash = "sha256:45fa557789ff5d9ecdf88dee15c47dbd2f79fa47aa4d71e939126ad654e43484", size = 1474594 },
    { url = "https://files.pythonhosted.org/packages/1b/4e/32a5f44cd6b12ed510fe92830623ef9ef799739e3f18e7289bc83cdc6f6f/cvxpy-1.6.0-cp310-cp310-macosx_10_9_x86_64.whl", hash = "sha256:aaff709f5a12a5984b33303a0db5c129aeeba39c98001b630e6943d0cd5a53ed", size = 1140792 },
    { url = "https://files.pythonhosted.org/packages/de/dd/0158a0b2b62bb868f87ee87ebab9b1b1f789a24e4535e3e128c45afdd2ab/cvxpy-1.6.0-cp310-cp310-manylinux_2_17_aarch64.manylinux2014_aarch64.whl", hash = "sha256:376e43113f19c2e448b5a1fc06e276eae0952e398c6b76092b2fd21c8e14333f", size = 1193869 },
    { url = "https://files.pythonhosted.org/packages/96/87/fd297b18e08944e0dbf1968f9e848c5ba9d1bb1ca6c91e62072e587bcacf/cvxpy-1.6.0-cp310-cp310-manylinux_2_17_x86_64.manylinux2014_x86_64.whl", hash = "sha256:32bbc9ad7c4423a68e8ec0ac7b59187937d0472e9a331e84c811c89c24799512", size = 1218150 },
    { url = "https://files.pythonhosted.org/packages/1c/11/29455639f432b9308564b1dff5822a34817c7f9982a5c83821dd7d199966/cvxpy-1.6.0-cp310-cp310-win_amd64.whl", hash = "sha256:fe295d5eff0f7adab80fca54e2796da878827432f4f97f5d87e47208d52e0aab", size = 1082195 },
]

[[package]]
name = "numpy"
version = "2.1.3"
source = { registry = "https://pypi.org/simple" }
sdist = { url = "https://files.pythonhosted.org/packages/25/ca/1166b75c21abd1da445b97bf1fa2f14f423c6cfb4fc7c4ef31dccf9f6a94/numpy-2.1.3.tar.gz", hash = "sha256:aa08e04e08aaf974d4458def539dece0d28146d866a39da5639596f4921fd761", size = 20166090 }
wheels = [
    { url = "https://files.pythonhosted.org/packages/f1/80/d572a4737626372915bca41c3afbfec9d173561a39a0a61bacbbfd1dafd4/numpy-2.1.3-cp310-cp310-macosx_10_9_x86_64.whl", hash = "sha256:c894b4305373b9c5576d7a12b473702afdf48ce5369c074ba304cc5ad8730dff", size = 21152472 },
    { url = "https://files.pythonhosted.org/packages/6f/bb/7bfba10c791ae3bb6716da77ad85a82d5fac07fc96fb0023ef0571df9d20/numpy-2.1.3-cp310-cp310-macosx_11_0_arm64.whl", hash = "sha256:b47fbb433d3260adcd51eb54f92a2ffbc90a4595f8970ee00e064c644ac788f5", size = 13747967 },
    { url = "https://files.pythonhosted.org/packages/da/d6/2df7bde35f0478455f0be5934877b3e5a505f587b00230f54a519a6b55a5/numpy-2.1.3-cp310-cp310-macosx_14_0_arm64.whl", hash = "sha256:825656d0743699c529c5943554d223c021ff0494ff1442152ce887ef4f7561a1", size = 5354921 },
    { url = "https://files.pythonhosted.org/packages/d1/bb/75b945874f931494891eac6ca06a1764d0e8208791f3addadb2963b83527/numpy-2.1.3-cp310-cp310-macosx_14_0_x86_64.whl", hash = "sha256:6a4825252fcc430a182ac4dee5a505053d262c807f8a924603d411f6718b88fd", size = 6888603 },
    { url = "https://files.pythonhosted.org/packages/68/a7/fde73636f6498dbfa6d82fc336164635fe592f1ad0d13285fcb6267fdc1c/numpy-2.1.3-cp310-cp310-manylinux_2_17_aarch64.manylinux2014_aarch64.whl", hash = "sha256:e711e02f49e176a01d0349d82cb5f05ba4db7d5e7e0defd026328e5cfb3226d3", size = 13889862 },
    { url = "https://files.pythonhosted.org/packages/05/db/5d9c91b2e1e2e72be1369278f696356d44975befcae830daf2e667dcb54f/numpy-2.1.3-cp310-cp310-manylinux_2_17_x86_64.manylinux2014_x86_64.whl", hash = "sha256:78574ac2d1a4a02421f25da9559850d59457bac82f2b8d7a44fe83a64f770098", size = 16328151 },
    { url = "https://files.pythonhosted.org/packages/3e/6a/7eb732109b53ae64a29e25d7e68eb9d6611037f6354875497008a49e74d3/numpy-2.1.3-cp310-cp310-musllinux_1_1_x86_64.whl", hash = "sha256:c7662f0e3673fe4e832fe07b65c50342ea27d989f92c80355658c7f888fcc83c", size = 16704107 },
    { url = "https://files.pythonhosted.org/packages/88/cc/278113b66a1141053cbda6f80e4200c6da06b3079c2d27bda1fde41f2c1f/numpy-2.1.3-cp310-cp310-musllinux_1_2_aarch64.whl", hash = "sha256:fa2d1337dc61c8dc417fbccf20f6d1e139896a30721b7f1e832b2bb6ef4eb6c4", size = 14385789 },
    { url = "https://files.pythonhosted.org/packages/f5/69/eb20f5e1bfa07449bc67574d2f0f7c1e6b335fb41672e43861a7727d85f2/numpy-2.1.3-cp310-cp310-win32.whl", hash = "sha256:72dcc4a35a8515d83e76b58fdf8113a5c969ccd505c8a946759b24e3182d1f23", size = 6536706 },
    { url = "https://files.pythonhosted.org/packages/8e/8b/1c131ab5a94c1086c289c6e1da1d843de9dbd95fe5f5ee6e61904c9518e2/numpy-2.1.3-cp310-cp310-win_amd64.whl", hash = "sha256:ecc76a9ba2911d8d37ac01de72834d8849e55473457558e12995f4cd53e778e0", size = 12864165 },
    { url = "https://files.pythonhosted.org/packages/00/e7/8d8bb791b62586cc432ecbb70632b4f23b7b7c88df41878de7528264f6d7/numpy-2.1.3-pp310-pypy310_pp73-macosx_10_15_x86_64.whl", hash = "sha256:4f2015dfe437dfebbfce7c85c7b53d81ba49e71ba7eadbf1df40c915af75979f", size = 20983893 },
    { url = "https://files.pythonhosted.org/packages/5e/f3/cb8118a044b5007586245a650360c9f5915b2f4232dd7658bb7a63dd1d02/numpy-2.1.3-pp310-pypy310_pp73-macosx_14_0_x86_64.whl", hash = "sha256:3522b0dfe983a575e6a9ab3a4a4dfe156c3e428468ff08ce582b9bb6bd1d71d4", size = 6752501 },
    { url = "https://files.pythonhosted.org/packages/53/f5/365b46439b518d2ec6ebb880cc0edf90f225145dfd4db7958334f7164530/numpy-2.1.3-pp310-pypy310_pp73-manylinux_2_17_x86_64.manylinux2014_x86_64.whl", hash = "sha256:c006b607a865b07cd981ccb218a04fc86b600411d83d6fc261357f1c0966755d", size = 16142601 },
    { url = "https://files.pythonhosted.org/packages/03/c2/d1fee6ba999aa7cd41ca6856937f2baaf604c3eec1565eae63451ec31e5e/numpy-2.1.3-pp310-pypy310_pp73-win_amd64.whl", hash = "sha256:e14e26956e6f1696070788252dcdff11b4aca4c3e8bd166e0df1bb8f315a67cb", size = 12771397 },
]

[[package]]
name = "osqp"
version = "0.6.7.post3"
source = { registry = "https://pypi.org/simple" }
dependencies = [
    { name = "numpy" },
    { name = "qdldl" },
    { name = "scipy" },
]
sdist = { url = "https://files.pythonhosted.org/packages/74/35/45d4d1832b31d207f83e0f9734d041be125fb4f0dff49413674bd1b08032/osqp-0.6.7.post3.tar.gz", hash = "sha256:b0c5e0a721f21c9724097a4fd50108304d296468d124e16f34ac67046f7020e1", size = 229274 }
wheels = [
    { url = "https://files.pythonhosted.org/packages/a8/55/44a46201a1a1bd8acf6ef782135a76e5806fb89eb4e51cec111538251786/osqp-0.6.7.post3-cp310-cp310-macosx_10_9_x86_64.whl", hash = "sha256:f751ca1332b480753cfe3c08bf14ca66259bf69679b572e1f8095ad3e26b201d", size = 251836 },
    { url = "https://files.pythonhosted.org/packages/d6/4d/99baf07fe2ef99c0ccca4c936bcf86911ac1e01274ed932ffbe1d3ef1b13/osqp-0.6.7.post3-cp310-cp310-macosx_11_0_arm64.whl", hash = "sha256:a1b30df65f2d938452e3bd2ca11388b5b16ec7406daedfc4b9dce3747c282e44", size = 237555 },
    { url = "https://files.pythonhosted.org/packages/9e/20/acabebb6f5c2fafa7b6d46a56d95169fa6fe9551460137287a4429481b80/osqp-0.6.7.post3-cp310-cp310-manylinux_2_17_aarch64.manylinux2014_aarch64.whl", hash = "sha256:6e1c4550853a5f1e0a90ae7ccbee1cb990f34f98514911955ad14841613110dd", size = 293093 },
    { url = "https://files.pythonhosted.org/packages/ed/83/dc03ac8a478af513132024759da13b20126a4407b07ad046d9c76e2c5e55/osqp-0.6.7.post3-cp310-cp310-manylinux_2_5_x86_64.manylinux1_x86_64.manylinux_2_17_x86_64.manylinux2014_x86_64.whl", hash = "sha256:e0cce816af77b28fc5eff1a4e6d8d25d0653f48275e6e2814bd5f1767181e715", size = 297546 },
    { url = "https://files.pythonhosted.org/packages/a7/d7/9d0996512f7c6409a03529b0e7b43354e45c87bd305e525adf6e93340cb3/osqp-0.6.7.post3-cp310-cp310-win_amd64.whl", hash = "sha256:78a1d63b36876996a7125e061145280949334d667060a20895c5d1f183c70242", size = 293045 },
]

[[package]]
name = "qdldl"
version = "0.1.7.post4"
source = { registry = "https://pypi.org/simple" }
dependencies = [
    { name = "numpy" },
    { name = "scipy" },
]
sdist = { url = "https://files.pythonhosted.org/packages/a8/ce/817c670dbf346281e7344d97fc37270e51eb54a67c944728928d3045a56c/qdldl-0.1.7.post4.tar.gz", hash = "sha256:0c163b9afb92c4b69d446387b1d4295094438b041ec4e8510271b6c4ff1f86fd", size = 73919 }
wheels = [
    { url = "https://files.pythonhosted.org/packages/bd/28/7417be0e65106ca71b0cc07bce3af901ba1c9cf95285e9bcb00cd7f1d3ba/qdldl-0.1.7.post4-cp310-cp310-macosx_10_9_x86_64.whl", hash = "sha256:ff4a9c5f7fa96e222c767aaaabea9d5df1d099e172c14b322b98d54dac03705d", size = 101119 },
    { url = "https://files.pythonhosted.org/packages/c0/43/6ac6a201bd38149aaa89f1429559c97ffd7e8cfeb651b5cfdceb06394e5c/qdldl-0.1.7.post4-cp310-cp310-macosx_11_0_arm64.whl", hash = "sha256:b53ad4ecd90c8031e0094fbab0b0bf09520b382177db63ec9568f06b4f16c219", size = 98473 },
    { url = "https://files.pythonhosted.org/packages/04/f2/a4615536c27a494c8b2739f087236e7f53034d8cf332b76cce6191ca3410/qdldl-0.1.7.post4-cp310-cp310-manylinux_2_17_aarch64.manylinux2014_aarch64.whl", hash = "sha256:490b52049c4cd794cb9bb2a8b26d69e74bbb71e55b5f0cac1480de971970d79c", size = 1115295 },
    { url = "https://files.pythonhosted.org/packages/c8/30/5528ed1558d6a3c95ae3e419631a6e4406cd2ea48651444da8ab68dace02/qdldl-0.1.7.post4-cp310-cp310-manylinux_2_17_x86_64.manylinux2014_x86_64.whl", hash = "sha256:ebf39433b467d2b33872e96fd05ed4a74d701eb94cd14cb010d5980fbdc02954", size = 1128572 },
    { url = "https://files.pythonhosted.org/packages/10/ed/90e7a4addecb74251b0e1ff63137c1a4642a0be7c362db9d2e5cc9ae58c5/qdldl-0.1.7.post4-cp310-cp310-win_amd64.whl", hash = "sha256:5227ace6741618aa9aa2b0162740e806040f3a69e88204911e74b5d220d5bfce", size = 86773 },
]

[[package]]
name = "scipy"
version = "1.14.1"
source = { registry = "https://pypi.org/simple" }
dependencies = [
    { name = "numpy" },
]
sdist = { url = "https://files.pythonhosted.org/packages/62/11/4d44a1f274e002784e4dbdb81e0ea96d2de2d1045b2132d5af62cc31fd28/scipy-1.14.1.tar.gz", hash = "sha256:5a275584e726026a5699459aa72f828a610821006228e841b94275c4a7c08417", size = 58620554 }
wheels = [
    { url = "https://files.pythonhosted.org/packages/64/68/3bc0cfaf64ff507d82b1e5d5b64521df4c8bf7e22bc0b897827cbee9872c/scipy-1.14.1-cp310-cp310-macosx_10_13_x86_64.whl", hash = "sha256:b28d2ca4add7ac16ae8bb6632a3c86e4b9e4d52d3e34267f6e1b0c1f8d87e389", size = 39069598 },
    { url = "https://files.pythonhosted.org/packages/43/a5/8d02f9c372790326ad405d94f04d4339482ec082455b9e6e288f7100513b/scipy-1.14.1-cp310-cp310-macosx_12_0_arm64.whl", hash = "sha256:d0d2821003174de06b69e58cef2316a6622b60ee613121199cb2852a873f8cf3", size = 29879676 },
    { url = "https://files.pythonhosted.org/packages/07/42/0e0bea9666fcbf2cb6ea0205db42c81b1f34d7b729ba251010edf9c80ebd/scipy-1.14.1-cp310-cp310-macosx_14_0_arm64.whl", hash = "sha256:8bddf15838ba768bb5f5083c1ea012d64c9a444e16192762bd858f1e126196d0", size = 23088696 },
    { url = "https://files.pythonhosted.org/packages/15/47/298ab6fef5ebf31b426560e978b8b8548421d4ed0bf99263e1eb44532306/scipy-1.14.1-cp310-cp310-macosx_14_0_x86_64.whl", hash = "sha256:97c5dddd5932bd2a1a31c927ba5e1463a53b87ca96b5c9bdf5dfd6096e27efc3", size = 25470699 },
    { url = "https://files.pythonhosted.org/packages/d8/df/cdb6be5274bc694c4c22862ac3438cb04f360ed9df0aecee02ce0b798380/scipy-1.14.1-cp310-cp310-manylinux_2_17_aarch64.manylinux2014_aarch64.whl", hash = "sha256:2ff0a7e01e422c15739ecd64432743cf7aae2b03f3084288f399affcefe5222d", size = 35606631 },
    { url = "https://files.pythonhosted.org/packages/47/78/b0c2c23880dd1e99e938ad49ccfb011ae353758a2dc5ed7ee59baff684c3/scipy-1.14.1-cp310-cp310-manylinux_2_17_x86_64.manylinux2014_x86_64.whl", hash = "sha256:8e32dced201274bf96899e6491d9ba3e9a5f6b336708656466ad0522d8528f69", size = 41178528 },
    { url = "https://files.pythonhosted.org/packages/5d/aa/994b45c34b897637b853ec04334afa55a85650a0d11dacfa67232260fb0a/scipy-1.14.1-cp310-cp310-musllinux_1_2_x86_64.whl", hash = "sha256:8426251ad1e4ad903a4514712d2fa8fdd5382c978010d1c6f5f37ef286a713ad", size = 42784535 },
    { url = "https://files.pythonhosted.org/packages/e7/1c/8daa6df17a945cb1a2a1e3bae3c49643f7b3b94017ff01a4787064f03f84/scipy-1.14.1-cp310-cp310-win_amd64.whl", hash = "sha256:a49f6ed96f83966f576b33a44257d869756df6cf1ef4934f59dd58b25e0327e5", size = 44772117 },
]

[[package]]
name = "scs"
version = "3.2.7"
source = { registry = "https://pypi.org/simple" }
dependencies = [
    { name = "numpy" },
    { name = "scipy" },
]
sdist = { url = "https://files.pythonhosted.org/packages/b7/54/2550a67de4d675ab7c733b6c61575995958d2beffdbb69c2287461eb9c3a/scs-3.2.7.tar.gz", hash = "sha256:e89d81752ef241d7e408f21d0b69cde9bb6ce196241482e17f763cba5a7d9497", size = 1600253 }
wheels = [
    { url = "https://files.pythonhosted.org/packages/5f/68/8b4f3a19cd51bede44188af18e0c46ab06fc3dbe557452948b03ac581c83/scs-3.2.7-cp310-cp310-macosx_10_9_x86_64.whl", hash = "sha256:6fbbb9b35297f7accf00a7f8cf9d6c642ed1ef31a9817f295927629c1fd0754c", size = 105785 },
    { url = "https://files.pythonhosted.org/packages/8d/ca/b7c16fb48159e7f209d517b3381cc8174f2e2896fb75095fd63e9935c995/scs-3.2.7-cp310-cp310-macosx_11_0_arm64.whl", hash = "sha256:fd4266c0ce811dc45a4644b3c9647bab61e9d7b7d811762c483b9c745e6a50a1", size = 93526 },
    { url = "https://files.pythonhosted.org/packages/a0/a9/0ea9b698a46ed7a6596ded23943269edf3ccebbaf8a5444ec8edf319acd2/scs-3.2.7-cp310-cp310-manylinux_2_17_x86_64.manylinux2014_x86_64.whl", hash = "sha256:e4be0754d48ec435a5685cd934a1d375bdf9775614789694a4ec397220d36e33", size = 10443012 },
    { url = "https://files.pythonhosted.org/packages/db/0e/68bfab5211a1ff0de1d0ed67ea6a7b54c5d4de5da7f93db4058e589979b9/scs-3.2.7-cp310-cp310-win_amd64.whl", hash = "sha256:867b0c65da57f89d2cc54143ae108eba24b888999dbcb6d30ddb4d31a4dbf01a", size = 8400791 },
]

[[package]]
name = "tqdm"
version = "4.67.1"
source = { registry = "https://pypi.org/simple" }
dependencies = [
    { name = "colorama", marker = "platform_system == 'Windows'" },
]
sdist = { url = "https://files.pythonhosted.org/packages/a8/4b/29b4ef32e036bb34e4ab51796dd745cdba7ed47ad142a9f4a1eb8e0c744d/tqdm-4.67.1.tar.gz", hash = "sha256:f8aef9c52c08c13a65f30ea34f4e5aac3fd1a34959879d7e59e63027286627f2", size = 169737 }
wheels = [
    { url = "https://files.pythonhosted.org/packages/d0/30/dc54f88dd4a2b5dc8a0279bdd7270e735851848b762aeb1c1184ed1f6b14/tqdm-4.67.1-py3-none-any.whl", hash = "sha256:26445eca388f82e72884e0d580d5464cd801a3ea01e63e5601bdff9ba6a48de2", size = 78540 },
]
